
Microsoft Visual Studio Solution File, Format Version 12.00
# Visual Studio Version 17
VisualStudioVersion = 17.0.31903.59
MinimumVisualStudioVersion = 10.0.40219.1
Project("{FAE04EC0-301F-11D3-BF4B-00C04F79EFBC}") = "CurrencyTrading.UI", "CurrencyTrading.UI\CurrencyTrading.UI.csproj", "{8AB3A42D-5FB9-4AE3-8358-2F2C5A9778A3}"
EndProject
Project("{FAE04EC0-301F-11D3-BF4B-00C04F79EFBC}") = "CurrencyTrading.Business", "CurrencyTrading.Business\CurrencyTrading.Business.csproj", "{1A4E8607-8B2A-4CD8-BFDB-AF77C93E68BA}"
EndProject
Project("{FAE04EC0-301F-11D3-BF4B-00C04F79EFBC}") = "CurrencyTrading.Data", "CurrencyTrading.Data\CurrencyTrading.Data.csproj", "{3FF52938-1862-4B77-AFFF-34AF4DF675A0}"
EndProject
Global
	GlobalSection(SolutionConfigurationPlatforms) = preSolution
		Debug|Any CPU = Debug|Any CPU
		Release|Any CPU = Release|Any CPU
	EndGlobalSection
	GlobalSection(SolutionProperties) = preSolution
		HideSolutionNode = FALSE
	EndGlobalSection
	GlobalSection(ProjectConfigurationPlatforms) = postSolution
		{8AB3A42D-5FB9-4AE3-8358-2F2C5A9778A3}.Debug|Any CPU.ActiveCfg = Debug|Any CPU
		{8AB3A42D-5FB9-4AE3-8358-2F2C5A9778A3}.Debug|Any CPU.Build.0 = Debug|Any CPU
		{8AB3A42D-5FB9-4AE3-8358-2F2C5A9778A3}.Release|Any CPU.ActiveCfg = Release|Any CPU
		{8AB3A42D-5FB9-4AE3-8358-2F2C5A9778A3}.Release|Any CPU.Build.0 = Release|Any CPU
		{1A4E8607-8B2A-4CD8-BFDB-AF77C93E68BA}.Debug|Any CPU.ActiveCfg = Debug|Any CPU
		{1A4E8607-8B2A-4CD8-BFDB-AF77C93E68BA}.Debug|Any CPU.Build.0 = Debug|Any CPU
		{1A4E8607-8B2A-4CD8-BFDB-AF77C93E68BA}.Release|Any CPU.ActiveCfg = Release|Any CPU
		{1A4E8607-8B2A-4CD8-BFDB-AF77C93E68BA}.Release|Any CPU.Build.0 = Release|Any CPU
		{3FF52938-1862-4B77-AFFF-34AF4DF675A0}.Debug|Any CPU.ActiveCfg = Debug|Any CPU
		{3FF52938-1862-4B77-AFFF-34AF4DF675A0}.Debug|Any CPU.Build.0 = Debug|Any CPU
		{3FF52938-1862-4B77-AFFF-34AF4DF675A0}.Release|Any CPU.ActiveCfg = Release|Any CPU
		{3FF52938-1862-4B77-AFFF-34AF4DF675A0}.Release|Any CPU.Build.0 = Release|Any CPU
	EndGlobalSection
EndGlobal
